
Microsoft Visual Studio Solution File, Format Version 12.00
# Visual Studio Version 17
VisualStudioVersion = 17.3.32929.385
MinimumVisualStudioVersion = 10.0.40219.1
Project("{FAE04EC0-301F-11D3-BF4B-00C04F79EFBC}") = "Project_eShop_ASP", "Project_eShop_ASP.csproj", "{CA3325D9-2FA3-48C0-9D68-3C9D5C444A4B}"
EndProject
Global
	GlobalSection(SolutionConfigurationPlatforms) = preSolution
		Debug|Any CPU = Debug|Any CPU
		Release|Any CPU = Release|Any CPU
	EndGlobalSection
	GlobalSection(ProjectConfigurationPlatforms) = postSolution
		{CA3325D9-2FA3-48C0-9D68-3C9D5C444A4B}.Debug|Any CPU.ActiveCfg = Debug|Any CPU
		{CA3325D9-2FA3-48C0-9D68-3C9D5C444A4B}.Debug|Any CPU.Build.0 = Debug|Any CPU
		{CA3325D9-2FA3-48C0-9D68-3C9D5C444A4B}.Release|Any CPU.ActiveCfg = Release|Any CPU
		{CA3325D9-2FA3-48C0-9D68-3C9D5C444A4B}.Release|Any CPU.Build.0 = Release|Any CPU
	EndGlobalSection
	GlobalSection(SolutionProperties) = preSolution
		HideSolutionNode = FALSE
	EndGlobalSection
	GlobalSection(ExtensibilityGlobals) = postSolution
		SolutionGuid = {92C5AC96-E461-44D4-9011-1C5B9981B68C}
	EndGlobalSection
EndGlobal
